<?xml version="1.0" encoding="utf-8"?>
<Project ToolsVersion="4.0" xmlns="http://schemas.microsoft.com/developer/msbuild/2003">
  <ItemGroup>
    <Filter Include="Source Files">
      <UniqueIdentifier>{4FC737F1-C7A5-4376-A066-2A32D752A2FF}</UniqueIdentifier>
      <Extensions>cpp;c;cc;cxx;c++;cppm;ixx;def;odl;idl;hpj;bat;asm;asmx</Extensions>
    </Filter>
    <Filter Include="Header Files">
      <UniqueIdentifier>{93995380-89BD-4b04-88EB-625FBE52EBFB}</UniqueIdentifier>
      <Extensions>h;hh;hpp;hxx;h++;hm;inl;inc;ipp;xsd</Extensions>
    </Filter>
    <Filter Include="Resource Files">
      <UniqueIdentifier>{67DA6AB6-F800-4c08-8B7A-83BB121AAD01}</UniqueIdentifier>
      <Extensions>rc;ico;cur;bmp;dlg;rc2;rct;bin;rgs;gif;jpg;jpeg;jpe;resx;tiff;tif;png;wav;mfcribbon-ms</Extensions>
    </Filter>
    <Filter Include="ModelSystem">
      <UniqueIdentifier>{72a0e9ed-88a6-4f1a-9ce2-316d1133b9da}</UniqueIdentifier>
    </Filter>
    <Filter Include="Shaders">
      <UniqueIdentifier>{aca201a9-84b9-485d-972b-4611846c4255}</UniqueIdentifier>
    </Filter>
    <Filter Include="Scene">
      <UniqueIdentifier>{35be1d7a-793c-4244-879e-33f72d12cf55}</UniqueIdentifier>
    </Filter>
    <Filter Include="Render">
      <UniqueIdentifier>{a7b27d91-0637-4bc4-b257-660965d0b66b}</UniqueIdentifier>
    </Filter>
    <Filter Include="Camera">
      <UniqueIdentifier>{b195ef1f-9d7e-4272-b764-f1fca78bb7bf}</UniqueIdentifier>
    </Filter>
    <Filter Include="Precompiled">
      <UniqueIdentifier>{34f1c1bd-01c4-4cc3-86f6-f30c3a9d4f4c}</UniqueIdentifier>
    </Filter>
    <Filter Include="Timer">
      <UniqueIdentifier>{410a73f4-dcd5-433c-9c19-74015ea34f53}</UniqueIdentifier>
    </Filter>
    <Filter Include="Window">
      <UniqueIdentifier>{d79e110a-9d63-4c6a-94f5-becf2b3973d2}</UniqueIdentifier>
    </Filter>
    <Filter Include="Framework">
      <UniqueIdentifier>{2ae46678-676a-4b29-8732-40c0a0c66c49}</UniqueIdentifier>
    </Filter>
    <Filter Include="Engine">
      <UniqueIdentifier>{8aa6b30e-78a8-416e-823d-a01a72d47fac}</UniqueIdentifier>
    </Filter>
    <Filter Include="GraphicsEngine">
      <UniqueIdentifier>{5716f5ab-ac98-4414-8bfa-9c620db03212}</UniqueIdentifier>
    </Filter>
    <Filter Include="Light">
      <UniqueIdentifier>{a260c284-767c-4e84-be95-253087a2cd30}</UniqueIdentifier>
    </Filter>
    <Filter Include="Shaders\Cube">
      <UniqueIdentifier>{d5a1618c-6731-4b91-a56b-ec922f74b46b}</UniqueIdentifier>
    </Filter>
    <Filter Include="Lines">
      <UniqueIdentifier>{1e0ca642-1326-4016-9afb-393ff48fbc97}</UniqueIdentifier>
    </Filter>
    <Filter Include="Shaders\Line">
      <UniqueIdentifier>{9189ae13-aea1-4782-9f6f-f8e08398b57e}</UniqueIdentifier>
    </Filter>
    <Filter Include="Shaders\PackedMaterials">
      <UniqueIdentifier>{d9376ae1-bdac-4bb3-8794-da0f0424c5ab}</UniqueIdentifier>
    </Filter>
  </ItemGroup>
  <ItemGroup>
    <ClCompile Include="ModelInstance.cpp">
      <Filter>ModelSystem</Filter>
    </ClCompile>
    <ClCompile Include="Model.cpp">
      <Filter>ModelSystem</Filter>
    </ClCompile>
    <ClCompile Include="ModelBuilder.cpp">
      <Filter>ModelSystem</Filter>
    </ClCompile>
    <ClCompile Include="ModelLoader.cpp">
      <Filter>ModelSystem</Filter>
    </ClCompile>
    <ClCompile Include="ModelFactory.cpp">
      <Filter>ModelSystem</Filter>
    </ClCompile>
    <ClCompile Include="ForwardRenderer.cpp">
      <Filter>Render</Filter>
    </ClCompile>
    <ClCompile Include="Scene.cpp">
      <Filter>Scene</Filter>
    </ClCompile>
    <ClCompile Include="Camera.cpp">
      <Filter>Camera</Filter>
    </ClCompile>
    <ClCompile Include="CameraFactory.cpp">
      <Filter>Camera</Filter>
    </ClCompile>
    <ClCompile Include="pch.cpp">
      <Filter>Precompiled</Filter>
    </ClCompile>
    <ClCompile Include="Timer.cpp">
      <Filter>Timer</Filter>
    </ClCompile>
    <ClCompile Include="WindowHandler.cpp">
      <Filter>Window</Filter>
    </ClCompile>
    <ClCompile Include="DirectX11Framework.cpp">
      <Filter>Framework</Filter>
    </ClCompile>
    <ClCompile Include="Engine.cpp">
      <Filter>Engine</Filter>
    </ClCompile>
    <ClCompile Include="GraphicsEngine.cpp">
      <Filter>GraphicsEngine</Filter>
    </ClCompile>
    <ClCompile Include="LightFactory.cpp">
      <Filter>Light</Filter>
    </ClCompile>
    <ClCompile Include="EnvironmentLight.cpp">
      <Filter>Light</Filter>
    </ClCompile>
    <ClCompile Include="DirectionalLight.cpp">
      <Filter>Light</Filter>
    </ClCompile>
    <ClCompile Include="Line.cpp">
      <Filter>Lines</Filter>
    </ClCompile>
    <ClCompile Include="LineInstance.cpp">
      <Filter>Lines</Filter>
    </ClCompile>
    <ClCompile Include="LineFactory.cpp">
      <Filter>Lines</Filter>
    </ClCompile>
    <ClCompile Include="PointLight.cpp">
      <Filter>Light</Filter>
    </ClCompile>
    <ClCompile Include="PointLightInstance.cpp">
      <Filter>Light</Filter>
    </ClCompile>
  </ItemGroup>
  <ItemGroup>
    <ClInclude Include="ModelInstance.hpp">
      <Filter>ModelSystem</Filter>
    </ClInclude>
    <ClInclude Include="Model.hpp">
      <Filter>ModelSystem</Filter>
    </ClInclude>
    <ClInclude Include="ModelBuilder.hpp">
      <Filter>ModelSystem</Filter>
    </ClInclude>
    <ClInclude Include="ModelLoader.hpp">
      <Filter>ModelSystem</Filter>
    </ClInclude>
    <ClInclude Include="ModelFactory.hpp">
      <Filter>ModelSystem</Filter>
    </ClInclude>
    <ClInclude Include="ForwardRenderer.hpp">
      <Filter>Render</Filter>
    </ClInclude>
    <ClInclude Include="Scene.hpp">
      <Filter>Scene</Filter>
    </ClInclude>
    <ClInclude Include="Camera.hpp">
      <Filter>Camera</Filter>
    </ClInclude>
    <ClInclude Include="CameraFactory.hpp">
      <Filter>Camera</Filter>
    </ClInclude>
    <ClInclude Include="pch.h">
      <Filter>Precompiled</Filter>
    </ClInclude>
    <ClInclude Include="Timer.hpp">
      <Filter>Timer</Filter>
    </ClInclude>
    <ClInclude Include="WindowHandler.hpp">
      <Filter>Window</Filter>
    </ClInclude>
    <ClInclude Include="DirectX11Framework.hpp">
      <Filter>Framework</Filter>
    </ClInclude>
    <ClInclude Include="Engine.hpp">
      <Filter>Engine</Filter>
    </ClInclude>
    <ClInclude Include="GraphicsEngine.hpp">
      <Filter>GraphicsEngine</Filter>
    </ClInclude>
    <ClInclude Include="LightFactory.hpp">
      <Filter>Light</Filter>
    </ClInclude>
    <ClInclude Include="EnvironmentLight.hpp">
      <Filter>Light</Filter>
    </ClInclude>
    <ClInclude Include="DirectionalLight.hpp">
      <Filter>Light</Filter>
    </ClInclude>
    <ClInclude Include="notes.h">
      <Filter>Lines</Filter>
    </ClInclude>
    <ClInclude Include="Line.hpp">
      <Filter>Lines</Filter>
    </ClInclude>
    <ClInclude Include="LineInstance.hpp">
      <Filter>Lines</Filter>
    </ClInclude>
    <ClInclude Include="LineFactory.hpp">
      <Filter>Lines</Filter>
    </ClInclude>
    <ClInclude Include="PointLight.hpp">
      <Filter>Light</Filter>
    </ClInclude>
    <ClInclude Include="PointLightInstance.hpp">
      <Filter>Light</Filter>
    </ClInclude>
  </ItemGroup>
  <ItemGroup>
    <None Include="ShaderStructs.hlsli">
      <Filter>Shaders</Filter>
    </None>
    <None Include="ShaderStructsPacked.hlsli">
      <Filter>Shaders\PackedMaterials</Filter>
    </None>
    <None Include="CubeShaderStructs.hlsli">
      <Filter>Shaders\Cube</Filter>
    </None>
    <None Include="LineShaderStructs.hlsli">
      <Filter>Shaders\Line</Filter>
    </None>
  </ItemGroup>
  <ItemGroup>
    <FxCompile Include="VertexShader.hlsl">
      <Filter>Shaders</Filter>
    </FxCompile>
    <FxCompile Include="PixelShader.hlsl">
      <Filter>Shaders</Filter>
    </FxCompile>
    <FxCompile Include="VertexShaderPacked.hlsl">
      <Filter>Shaders\PackedMaterials</Filter>
    </FxCompile>
    <FxCompile Include="PixelShaderPacked.hlsl">
      <Filter>Shaders\PackedMaterials</Filter>
    </FxCompile>
    <FxCompile Include="CubePixelShader.hlsl">
      <Filter>Shaders\Cube</Filter>
    </FxCompile>
    <FxCompile Include="CubeVertexShader.hlsl">
      <Filter>Shaders\Cube</Filter>
    </FxCompile>
    <FxCompile Include="LinePixelShader.hlsl">
      <Filter>Shaders\Line</Filter>
    </FxCompile>
    <FxCompile Include="LineVertexShader.hlsl">
      <Filter>Shaders\Line</Filter>
    </FxCompile>
  </ItemGroup>
</Project>